
Microsoft Visual Studio Solution File, Format Version 12.00
# Visual Studio Version 17
VisualStudioVersion = 17.6.33829.357
MinimumVisualStudioVersion = 10.0.40219.1
Project("{FAE04EC0-301F-11D3-BF4B-00C04F79EFBC}") = "WorkWiseApi", "WorkWiseApi.csproj", "{B89FB9B6-EC5D-4905-8ED6-D8889A047B96}"
EndProject
Global
	GlobalSection(SolutionConfigurationPlatforms) = preSolution
		Debug|Any CPU = Debug|Any CPU
		Release|Any CPU = Release|Any CPU
	EndGlobalSection
	GlobalSection(ProjectConfigurationPlatforms) = postSolution
		{B89FB9B6-EC5D-4905-8ED6-D8889A047B96}.Debug|Any CPU.ActiveCfg = Debug|Any CPU
		{B89FB9B6-EC5D-4905-8ED6-D8889A047B96}.Debug|Any CPU.Build.0 = Debug|Any CPU
		{B89FB9B6-EC5D-4905-8ED6-D8889A047B96}.Release|Any CPU.ActiveCfg = Release|Any CPU
		{B89FB9B6-EC5D-4905-8ED6-D8889A047B96}.Release|Any CPU.Build.0 = Release|Any CPU
	EndGlobalSection
	GlobalSection(SolutionProperties) = preSolution
		HideSolutionNode = FALSE
	EndGlobalSection
	GlobalSection(ExtensibilityGlobals) = postSolution
		SolutionGuid = {BC60742A-9A6D-45DA-AA36-F611C5F94480}
	EndGlobalSection
EndGlobal
